
Microsoft Visual Studio Solution File, Format Version 11.00
# Visual C++ Express 2010
Project("{8BC9CEB8-8B4A-11D0-8D11-00A0C91BC942}") = "Part 1 5 number average", "Part 1 5 number average\Part 1 5 number average.vcxproj", "{33B41AED-8FD9-4A48-9753-28349103F3CC}"
EndProject
Global
	GlobalSection(SolutionConfigurationPlatforms) = preSolution
		Debug|Win32 = Debug|Win32
		Release|Win32 = Release|Win32
	EndGlobalSection
	GlobalSection(ProjectConfigurationPlatforms) = postSolution
		{33B41AED-8FD9-4A48-9753-28349103F3CC}.Debug|Win32.ActiveCfg = Debug|Win32
		{33B41AED-8FD9-4A48-9753-28349103F3CC}.Debug|Win32.Build.0 = Debug|Win32
		{33B41AED-8FD9-4A48-9753-28349103F3CC}.Release|Win32.ActiveCfg = Release|Win32
		{33B41AED-8FD9-4A48-9753-28349103F3CC}.Release|Win32.Build.0 = Release|Win32
	EndGlobalSection
	GlobalSection(SolutionProperties) = preSolution
		HideSolutionNode = FALSE
	EndGlobalSection
EndGlobal
