
Microsoft Visual Studio Solution File, Format Version 11.00
# Visual C++ Express 2010
Project("{8BC9CEB8-8B4A-11D0-8D11-00A0C91BC942}") = "Part 2 4 integer calculator", "Part 2 4 integer calculator\Part 2 4 integer calculator.vcxproj", "{A0156421-9F81-4191-AD37-FCB0E51D1DD0}"
EndProject
Global
	GlobalSection(SolutionConfigurationPlatforms) = preSolution
		Debug|Win32 = Debug|Win32
		Release|Win32 = Release|Win32
	EndGlobalSection
	GlobalSection(ProjectConfigurationPlatforms) = postSolution
		{A0156421-9F81-4191-AD37-FCB0E51D1DD0}.Debug|Win32.ActiveCfg = Debug|Win32
		{A0156421-9F81-4191-AD37-FCB0E51D1DD0}.Debug|Win32.Build.0 = Debug|Win32
		{A0156421-9F81-4191-AD37-FCB0E51D1DD0}.Release|Win32.ActiveCfg = Release|Win32
		{A0156421-9F81-4191-AD37-FCB0E51D1DD0}.Release|Win32.Build.0 = Release|Win32
	EndGlobalSection
	GlobalSection(SolutionProperties) = preSolution
		HideSolutionNode = FALSE
	EndGlobalSection
EndGlobal
