
Microsoft Visual Studio Solution File, Format Version 11.00
# Visual C++ Express 2010
Project("{8BC9CEB8-8B4A-11D0-8D11-00A0C91BC942}") = "five plus 10 times 3", "five plus 10 times 3\five plus 10 times 3.vcxproj", "{7B307DF7-5847-41DD-8ED0-C629C8FF9EF2}"
EndProject
Global
	GlobalSection(SolutionConfigurationPlatforms) = preSolution
		Debug|Win32 = Debug|Win32
		Release|Win32 = Release|Win32
	EndGlobalSection
	GlobalSection(ProjectConfigurationPlatforms) = postSolution
		{7B307DF7-5847-41DD-8ED0-C629C8FF9EF2}.Debug|Win32.ActiveCfg = Debug|Win32
		{7B307DF7-5847-41DD-8ED0-C629C8FF9EF2}.Debug|Win32.Build.0 = Debug|Win32
		{7B307DF7-5847-41DD-8ED0-C629C8FF9EF2}.Release|Win32.ActiveCfg = Release|Win32
		{7B307DF7-5847-41DD-8ED0-C629C8FF9EF2}.Release|Win32.Build.0 = Release|Win32
	EndGlobalSection
	GlobalSection(SolutionProperties) = preSolution
		HideSolutionNode = FALSE
	EndGlobalSection
EndGlobal
