
Microsoft Visual Studio Solution File, Format Version 11.00
# Visual C++ Express 2010
Project("{8BC9CEB8-8B4A-11D0-8D11-00A0C91BC942}") = "Part 3 factorial", "Part 3 factorial\Part 3 factorial.vcxproj", "{7E12E26A-F95D-47A3-9017-20A083A08032}"
EndProject
Global
	GlobalSection(SolutionConfigurationPlatforms) = preSolution
		Debug|Win32 = Debug|Win32
		Release|Win32 = Release|Win32
	EndGlobalSection
	GlobalSection(ProjectConfigurationPlatforms) = postSolution
		{7E12E26A-F95D-47A3-9017-20A083A08032}.Debug|Win32.ActiveCfg = Debug|Win32
		{7E12E26A-F95D-47A3-9017-20A083A08032}.Debug|Win32.Build.0 = Debug|Win32
		{7E12E26A-F95D-47A3-9017-20A083A08032}.Release|Win32.ActiveCfg = Release|Win32
		{7E12E26A-F95D-47A3-9017-20A083A08032}.Release|Win32.Build.0 = Release|Win32
	EndGlobalSection
	GlobalSection(SolutionProperties) = preSolution
		HideSolutionNode = FALSE
	EndGlobalSection
EndGlobal
