
Microsoft Visual Studio Solution File, Format Version 11.00
# Visual Basic Express 2010
Project("{F184B08F-C81C-45F6-A57F-5ABD9991F28F}") = "Group1.Chap7.Ex3", "Group1.Chap7.Ex3\Group1.Chap7.Ex3.vbproj", "{B8BF97AA-99DF-4376-83A2-B416F8D61ACD}"
EndProject
Global
	GlobalSection(SolutionConfigurationPlatforms) = preSolution
		Debug|x86 = Debug|x86
		Release|x86 = Release|x86
	EndGlobalSection
	GlobalSection(ProjectConfigurationPlatforms) = postSolution
		{B8BF97AA-99DF-4376-83A2-B416F8D61ACD}.Debug|x86.ActiveCfg = Debug|x86
		{B8BF97AA-99DF-4376-83A2-B416F8D61ACD}.Debug|x86.Build.0 = Debug|x86
		{B8BF97AA-99DF-4376-83A2-B416F8D61ACD}.Release|x86.ActiveCfg = Release|x86
		{B8BF97AA-99DF-4376-83A2-B416F8D61ACD}.Release|x86.Build.0 = Release|x86
	EndGlobalSection
	GlobalSection(SolutionProperties) = preSolution
		HideSolutionNode = FALSE
	EndGlobalSection
EndGlobal
