
Microsoft Visual Studio Solution File, Format Version 11.00
# Visual Basic Express 2010
Project("{F184B08F-C81C-45F6-A57F-5ABD9991F28F}") = "Ch2_Exercise_2", "Ch2_Exercise_2\Ch2_Exercise_2.vbproj", "{35440D86-1C19-4F55-986D-EFEC2C30AE7E}"
EndProject
Global
	GlobalSection(SolutionConfigurationPlatforms) = preSolution
		Debug|x86 = Debug|x86
		Release|x86 = Release|x86
	EndGlobalSection
	GlobalSection(ProjectConfigurationPlatforms) = postSolution
		{35440D86-1C19-4F55-986D-EFEC2C30AE7E}.Debug|x86.ActiveCfg = Debug|x86
		{35440D86-1C19-4F55-986D-EFEC2C30AE7E}.Debug|x86.Build.0 = Debug|x86
		{35440D86-1C19-4F55-986D-EFEC2C30AE7E}.Release|x86.ActiveCfg = Release|x86
		{35440D86-1C19-4F55-986D-EFEC2C30AE7E}.Release|x86.Build.0 = Release|x86
	EndGlobalSection
	GlobalSection(SolutionProperties) = preSolution
		HideSolutionNode = FALSE
	EndGlobalSection
EndGlobal
