
Microsoft Visual Studio Solution File, Format Version 11.00
# Visual Basic Express 2010
Project("{F184B08F-C81C-45F6-A57F-5ABD9991F28F}") = "Group1_Ch4_Ex1", "Group1_Ch4_Ex1\Group1_Ch4_Ex1.vbproj", "{874E7BBB-EF70-4700-A8CE-32C7EC4EAC1D}"
EndProject
Global
	GlobalSection(SolutionConfigurationPlatforms) = preSolution
		Debug|x86 = Debug|x86
		Release|x86 = Release|x86
	EndGlobalSection
	GlobalSection(ProjectConfigurationPlatforms) = postSolution
		{874E7BBB-EF70-4700-A8CE-32C7EC4EAC1D}.Debug|x86.ActiveCfg = Debug|x86
		{874E7BBB-EF70-4700-A8CE-32C7EC4EAC1D}.Debug|x86.Build.0 = Debug|x86
		{874E7BBB-EF70-4700-A8CE-32C7EC4EAC1D}.Release|x86.ActiveCfg = Release|x86
		{874E7BBB-EF70-4700-A8CE-32C7EC4EAC1D}.Release|x86.Build.0 = Release|x86
	EndGlobalSection
	GlobalSection(SolutionProperties) = preSolution
		HideSolutionNode = FALSE
	EndGlobalSection
EndGlobal
